
Microsoft Visual Studio Solution File, Format Version 12.00
# Visual Studio Version 16
VisualStudioVersion = 16.0.31729.503
MinimumVisualStudioVersion = 10.0.40219.1
Project("{FAE04EC0-301F-11D3-BF4B-00C04F79EFBC}") = "ApiTraining", "ApiTraining\ApiTraining.csproj", "{90674039-01C8-405B-8059-58E6F3034D8F}"
EndProject
Global
	GlobalSection(SolutionConfigurationPlatforms) = preSolution
		Debug|Any CPU = Debug|Any CPU
		Release|Any CPU = Release|Any CPU
	EndGlobalSection
	GlobalSection(ProjectConfigurationPlatforms) = postSolution
		{90674039-01C8-405B-8059-58E6F3034D8F}.Debug|Any CPU.ActiveCfg = Debug|Any CPU
		{90674039-01C8-405B-8059-58E6F3034D8F}.Debug|Any CPU.Build.0 = Debug|Any CPU
		{90674039-01C8-405B-8059-58E6F3034D8F}.Release|Any CPU.ActiveCfg = Release|Any CPU
		{90674039-01C8-405B-8059-58E6F3034D8F}.Release|Any CPU.Build.0 = Release|Any CPU
	EndGlobalSection
	GlobalSection(SolutionProperties) = preSolution
		HideSolutionNode = FALSE
	EndGlobalSection
	GlobalSection(ExtensibilityGlobals) = postSolution
		SolutionGuid = {797F633B-CEBE-45A8-8862-82E086A9B45E}
	EndGlobalSection
EndGlobal
